# Pinned upstream source for coordinator-vio-tracker image builds.
# depthai-core now lives in coordinator-vio-tracker-base (see containers/vio-tracker-base/
# upstream.lock) -- this image only builds oak_d_vins_cpp. Regenerate the SHA after an
# intentional upstream bump.

OAK_D_VINS_CPP_BRANCH=apm_wiki
OAK_D_VINS_CPP_SHA=378f40fc92216b679bbdccacbd00e989f5a95b11
